
Microsoft Visual Studio Solution File, Format Version 12.00
# Visual Studio 15
VisualStudioVersion = 15.0.28307.757
MinimumVisualStudioVersion = 10.0.40219.1
Project("{FAE04EC0-301F-11D3-BF4B-00C04F79EFBC}") = "OwinApplication", "OwinApplication\OwinApplication.csproj", "{E69C8943-9BD1-402D-B1AD-7F6BF12B9B31}"
EndProject
Global
	GlobalSection(SolutionConfigurationPlatforms) = preSolution
		Debug|Any CPU = Debug|Any CPU
		Release|Any CPU = Release|Any CPU
	EndGlobalSection
	GlobalSection(ProjectConfigurationPlatforms) = postSolution
		{E69C8943-9BD1-402D-B1AD-7F6BF12B9B31}.Debug|Any CPU.ActiveCfg = Debug|Any CPU
		{E69C8943-9BD1-402D-B1AD-7F6BF12B9B31}.Debug|Any CPU.Build.0 = Debug|Any CPU
		{E69C8943-9BD1-402D-B1AD-7F6BF12B9B31}.Release|Any CPU.ActiveCfg = Release|Any CPU
		{E69C8943-9BD1-402D-B1AD-7F6BF12B9B31}.Release|Any CPU.Build.0 = Release|Any CPU
	EndGlobalSection
	GlobalSection(SolutionProperties) = preSolution
		HideSolutionNode = FALSE
	EndGlobalSection
	GlobalSection(ExtensibilityGlobals) = postSolution
		SolutionGuid = {BB05883F-E3B8-4B2A-8A2B-DE06E852FF4E}
	EndGlobalSection
EndGlobal
